#MicroXplorer Configuration settings - do not modify
Mcu.Family=STM32F4
ProjectManager.MainLocation=Core/Src
PH0-OSC_IN.Locked=true
PH0-OSC_IN.Signal=RCC_OSC_IN
RCC.CortexFreq_Value=50000000
ProjectManager.KeepUserCode=true
Mcu.UserName=STM32F446RETx
VP_FATFS_VS_SDIO.Mode=SDIO
PC12.Locked=true
PC10.Locked=true
RCC.PLLCLKFreq_Value=50000000
PC12.Signal=SDIO_CK
PC10.Signal=SDIO_D2
PA14.GPIO_Label=TCK
RCC.PLLQCLKFreq_Value=33333333.333333332
ProjectManager.functionlistsort=1-MX_GPIO_Init-GPIO-false-HAL-true,2-SystemClock_Config-RCC-false-HAL-false,3-MX_SDIO_SD_Init-SDIO-false-HAL-true,4-MX_FATFS_Init-FATFS-false-HAL-false
RCC.RTCFreq_Value=32000
PC9.Locked=true
PA3.GPIOParameters=GPIO_Label
RCC.PLLI2SRCLKFreq_Value=48000000
PC13.GPIO_Label=B1 [Blue PushButton]
RCC.SAIAFreq_Value=48000000
PinOutPanel.RotationAngle=0
RCC.SYSCLKSource=RCC_SYSCLKSOURCE_PLLCLK
ProjectManager.StackSize=0x400
SH.GPXTI13.0=GPIO_EXTI13
Mcu.IP4=SYS
RCC.FCLKCortexFreq_Value=50000000
NVIC.SVCall_IRQn=true\:0\:0\:false\:false\:true\:false\:false
Mcu.IP2=RCC
Mcu.IP3=SDIO
Mcu.IP0=FATFS
Mcu.IP1=NVIC
Mcu.UserConstants=
VP_FATFS_VS_SDIO.Signal=FATFS_VS_SDIO
SH.GPXTI13.ConfNb=1
Mcu.ThirdPartyNb=0
RCC.SDIOFreq_Value=33333333.333333332
RCC.HCLKFreq_Value=50000000
Mcu.IPNb=5
RCC.I2SClocksFreq_Value=96000000
ProjectManager.PreviousToolchain=
RCC.APB2TimFreq_Value=50000000
SDIO.IPParameters=ClockDiv
PB6.Signal=GPIO_Input
RCC.SPDIFRXFreq_Value=50000000
RCC.VcooutputI2S=96000000
Mcu.Pin6=PA5
Mcu.Pin7=PC8
Mcu.Pin8=PC9
Mcu.Pin9=PA13
RCC.VCOSAIOutputFreq_Value=96000000
RCC.AHBFreq_Value=50000000
PH0-OSC_IN.Mode=HSE-External-Oscillator
Mcu.Pin0=PC13
Mcu.Pin1=PC14-OSC32_IN
GPIO.groupedBy=Group By Peripherals
Mcu.Pin2=PC15-OSC32_OUT
Mcu.Pin3=PH0-OSC_IN
Mcu.Pin4=PH1-OSC_OUT
Mcu.Pin5=PA3
ProjectManager.ProjectBuild=false
RCC.HSE_VALUE=8000000
NVIC.UsageFault_IRQn=true\:0\:0\:false\:false\:true\:true\:false
NVIC.DebugMonitor_IRQn=true\:0\:0\:false\:false\:true\:true\:false
NVIC.SysTick_IRQn=true\:0\:0\:true\:false\:true\:true\:true
ProjectManager.FirmwarePackage=STM32Cube FW_F4 V1.26.1
MxDb.Version=DB.6.0.21
ProjectManager.BackupPrevious=false
PC14-OSC32_IN.Mode=LSE-External-Oscillator
RCC.VCOInputFreq_Value=1000000
PA14.Mode=Serial_Wire
File.Version=6
PC9.Mode=SD_4_bits_Wide_bus
PH1-OSC_OUT.Locked=true
PB3.GPIOParameters=GPIO_Label
RCC.PLLRCLKFreq_Value=50000000
PB6.Locked=true
NVIC.PendSV_IRQn=true\:0\:0\:false\:false\:true\:false\:false
RCC.PLLI2SoutputFreq_Value=48000000
ProjectManager.HalAssertFull=false
ProjectManager.ProjectName=SDIO
RCC.FLatency-AdvancedSettings=FLASH_LATENCY_1
PA13.GPIOParameters=GPIO_Label
PH1-OSC_OUT.Mode=HSE-External-Oscillator
RCC.MCO2PinFreq_Value=50000000
Mcu.Package=LQFP64
PA5.Locked=true
RCC.I2S2Freq_Value=48000000
PA14.Locked=true
ProjectManager.ToolChainLocation=
RCC.LSI_VALUE=32000
VP_SYS_VS_Systick.Signal=SYS_VS_Systick
PA5.GPIOParameters=GPIO_Label
PC11.Mode=SD_4_bits_Wide_bus
RCC.CECFreq_Value=32786.88524590164
RCC.APB1TimFreq_Value=50000000
NVIC.BusFault_IRQn=true\:0\:0\:false\:false\:true\:true\:false
RCC.SAIBFreq_Value=48000000
ProjectManager.CustomerFirmwarePackage=
PC14-OSC32_IN.Locked=true
RCC.PLLSAIQCLKFreq_Value=48000000
PB3.Locked=true
PA3.Signal=USART2_RX
PB3.GPIO_Label=SWO
RCC.PLLSourceVirtual=RCC_PLLSOURCE_HSE
PC15-OSC32_OUT.Mode=LSE-External-Oscillator
ProjectManager.ProjectFileName=SDIO.ioc
Mcu.PinsNb=19
ProjectManager.NoMain=false
PC13.Locked=true
PC11.Signal=SDIO_D3
PC13.Signal=GPXTI13
RCC.FMPI2C1Freq_Value=25000000
RCC.VCOI2SInputFreq_Value=500000
PC8.Signal=SDIO_D0
PC10.Mode=SD_4_bits_Wide_bus
ProjectManager.DefaultFWLocation=true
ProjectManager.DeletePrevious=true
RCC.APB1CLKDivider=RCC_HCLK_DIV2
PC14-OSC32_IN.Signal=RCC_OSC32_IN
boardIOC=true
RCC.FamilyName=M
PA13.Signal=SYS_JTMS-SWDIO
PC15-OSC32_OUT.Locked=true
ProjectManager.TargetToolchain=STM32CubeIDE
RCC.I2S1Freq_Value=48000000
RCC.VCOInputMFreq_Value=1000000
ProjectManager.RegisterCallBack=
RCC.USBFreq_Value=33333333.333333332
SDIO.ClockDiv=16
RCC.PLLSAIoutputFreq_Value=48000000
PC15-OSC32_OUT.Signal=RCC_OSC32_OUT
RCC.VCOI2SOutputFreq_Value=96000000
PD2.Mode=SD_4_bits_Wide_bus
PA5.Signal=GPIO_Output
PC12.Mode=SD_4_bits_Wide_bus
RCC.PLLSAIPCLKFreq_Value=48000000
board=NUCLEO-F446RE
RCC.VCOOutputFreq_Value=100000000
ProjectManager.LastFirmware=true
RCC.APB2Freq_Value=50000000
MxCube.Version=6.2.1
RCC.PLLI2SPCLKFreq_Value=48000000
PC13.GPIOParameters=GPIO_Label,GPIO_ModeDefaultEXTI
VP_SYS_VS_Systick.Mode=SysTick
RCC.EthernetFreq_Value=84000000
PH1-OSC_OUT.Signal=RCC_OSC_OUT
NVIC.NonMaskableInt_IRQn=true\:0\:0\:false\:false\:true\:true\:false
PA13.Mode=Serial_Wire
ProjectManager.FreePins=false
RCC.IPParameters=48MHZClocksFreq_Value,AHBFreq_Value,APB1CLKDivider,APB1Freq_Value,APB1TimFreq_Value,APB2Freq_Value,APB2TimFreq_Value,CECFreq_Value,CortexFreq_Value,EthernetFreq_Value,FCLKCortexFreq_Value,FLatency-AdvancedSettings,FMPI2C1Freq_Value,FamilyName,HCLKFreq_Value,HSE_VALUE,HSI_VALUE,I2S1Freq_Value,I2S2Freq_Value,I2SClocksFreq_Value,LSI_VALUE,MCO2PinFreq_Value,PLLCLKFreq_Value,PLLI2SPCLKFreq_Value,PLLI2SQCLKFreq_Value,PLLI2SRCLKFreq_Value,PLLI2SoutputFreq_Value,PLLM,PLLN,PLLQ,PLLQCLKFreq_Value,PLLRCLKFreq_Value,PLLSAIPCLKFreq_Value,PLLSAIQCLKFreq_Value,PLLSAIoutputFreq_Value,PLLSourceVirtual,PWRFreq_Value,RTCFreq_Value,RTCHSEDivFreq_Value,SAIAFreq_Value,SAIBFreq_Value,SDIOFreq_Value,SPDIFRXFreq_Value,SYSCLKFreq_VALUE,SYSCLKSource,USBFreq_Value,VCOI2SInputFreq_Value,VCOI2SOutputFreq_Value,VCOInputFreq_Value,VCOInputMFreq_Value,VCOOutputFreq_Value,VCOSAIInputFreq_Value,VCOSAIOutputFreq_Value,VcooutputI2S
ProjectManager.AskForMigrate=true
Mcu.Name=STM32F446R(C-E)Tx
RCC.PLLI2SQCLKFreq_Value=48000000
RCC.RTCHSEDivFreq_Value=4000000
PA13.GPIO_Label=TMS
ProjectManager.UnderRoot=true
PC8.Mode=SD_4_bits_Wide_bus
RCC.VCOSAIInputFreq_Value=500000
ProjectManager.CoupleFile=false
RCC.48MHZClocksFreq_Value=84000000
PB3.Signal=SYS_JTDO-SWO
RCC.SYSCLKFreq_VALUE=50000000
PA3.Locked=true
PA5.GPIO_Label=LD2 [Green Led]
NVIC.ForceEnableDMAVector=true
KeepUserPlacement=false
PC13.GPIO_ModeDefaultEXTI=GPIO_MODE_IT_FALLING
PA14.GPIOParameters=GPIO_Label
NVIC.MemoryManagement_IRQn=true\:0\:0\:false\:false\:true\:true\:false
PA13.Locked=true
ProjectManager.CompilerOptimize=6
PA14.Signal=SYS_JTCK-SWCLK
ProjectManager.HeapSize=0x200
Mcu.Pin15=PB3
NVIC.HardFault_IRQn=true\:0\:0\:false\:false\:true\:true\:false
Mcu.Pin16=PB6
Mcu.Pin13=PC12
Mcu.Pin14=PD2
ProjectManager.ComputerToolchain=false
Mcu.Pin17=VP_FATFS_VS_SDIO
RCC.HSI_VALUE=16000000
Mcu.Pin18=VP_SYS_VS_Systick
RCC.PLLQ=3
NVIC.PriorityGroup=NVIC_PRIORITYGROUP_0
Mcu.Pin11=PC10
Mcu.Pin12=PC11
RCC.PLLM=8
RCC.PLLN=100
Mcu.Pin10=PA14
RCC.PWRFreq_Value=50000000
PC9.Signal=SDIO_D1
PD2.Signal=SDIO_CMD
RCC.APB1Freq_Value=25000000
ProjectManager.DeviceId=STM32F446RETx
ProjectManager.LibraryCopy=1
PA3.GPIO_Label=USART_RX
isbadioc=false
